
Microsoft Visual Studio Solution File, Format Version 12.00
# Visual Studio 15
VisualStudioVersion = 15.0.26403.3
MinimumVisualStudioVersion = 10.0.40219.1
Project("{9092AA53-FB77-4645-B42D-1CCCA6BD08BD}") = "TheBoard", "TheBoard\TheBoard.njsproj", "{0D7AD2FD-97CD-44A8-8FBD-5A431179A1CE}"
EndProject
Global
	GlobalSection(SolutionConfigurationPlatforms) = preSolution
		Debug|Any CPU = Debug|Any CPU
		Release|Any CPU = Release|Any CPU
	EndGlobalSection
	GlobalSection(ProjectConfigurationPlatforms) = postSolution
		{0D7AD2FD-97CD-44A8-8FBD-5A431179A1CE}.Debug|Any CPU.ActiveCfg = Debug|Any CPU
		{0D7AD2FD-97CD-44A8-8FBD-5A431179A1CE}.Debug|Any CPU.Build.0 = Debug|Any CPU
		{0D7AD2FD-97CD-44A8-8FBD-5A431179A1CE}.Release|Any CPU.ActiveCfg = Release|Any CPU
		{0D7AD2FD-97CD-44A8-8FBD-5A431179A1CE}.Release|Any CPU.Build.0 = Release|Any CPU
	EndGlobalSection
	GlobalSection(SolutionProperties) = preSolution
		HideSolutionNode = FALSE
	EndGlobalSection
EndGlobal
